
Microsoft Visual Studio Solution File, Format Version 12.00
# Visual Studio Version 17
VisualStudioVersion = 17.13.35919.96 d17.13
MinimumVisualStudioVersion = 10.0.40219.1
Project("{FAE04EC0-301F-11D3-BF4B-00C04F79EFBC}") = "HomeWork3", "HomeWork3\HomeWork3.csproj", "{BA73F38D-BF11-4006-BF20-94946C59161E}"
EndProject
Global
	GlobalSection(SolutionConfigurationPlatforms) = preSolution
		Debug|Any CPU = Debug|Any CPU
		Release|Any CPU = Release|Any CPU
	EndGlobalSection
	GlobalSection(ProjectConfigurationPlatforms) = postSolution
		{BA73F38D-BF11-4006-BF20-94946C59161E}.Debug|Any CPU.ActiveCfg = Debug|Any CPU
		{BA73F38D-BF11-4006-BF20-94946C59161E}.Debug|Any CPU.Build.0 = Debug|Any CPU
		{BA73F38D-BF11-4006-BF20-94946C59161E}.Release|Any CPU.ActiveCfg = Release|Any CPU
		{BA73F38D-BF11-4006-BF20-94946C59161E}.Release|Any CPU.Build.0 = Release|Any CPU
	EndGlobalSection
	GlobalSection(SolutionProperties) = preSolution
		HideSolutionNode = FALSE
	EndGlobalSection
	GlobalSection(ExtensibilityGlobals) = postSolution
		SolutionGuid = {3380D9DC-A5ED-4990-9ACC-02A3AFD74F0C}
	EndGlobalSection
EndGlobal
